// !$*UTF8*$!
{
	archiveVersion = 1;
	classes = {
	};
	objectVersion = 77;
	objects = {

/* Begin PBXBuildFile section */
		162898C8E456BD90F64A55BF /* Pods_dev_aasdf.framework in Frameworks */ = {isa = PBXBuildFile; fileRef = 8B0A7255292A908580FBFCC2 /* Pods_dev_aasdf.framework */; };
		653D1BC12EE6107E00B8147F /* ProfileViewWrapper.swift in Sources */ = {isa = PBXBuildFile; fileRef = 653D1BBF2EE6107E00B8147F /* ProfileViewWrapper.swift */; };
		653D1BC22EE6107E00B8147F /* LeaderboardView.swift in Sources */ = {isa = PBXBuildFile; fileRef = 653D1BC02EE6107E00B8147F /* LeaderboardView.swift */; };
/* End PBXBuildFile section */

/* Begin PBXContainerItemProxy section */
		65F3E15E2EE0EA5C002909B5 /* PBXContainerItemProxy */ = {
			isa = PBXContainerItemProxy;
			containerPortal = 65F3E1482EE0EA5B002909B5 /* Project object */;
			proxyType = 1;
			remoteGlobalIDString = 65F3E14F2EE0EA5B002909B5;
			remoteInfo = "dev-aasdf";
		};
		65F3E1682EE0EA5C002909B5 /* PBXContainerItemProxy */ = {
			isa = PBXContainerItemProxy;
			containerPortal = 65F3E1482EE0EA5B002909B5 /* Project object */;
			proxyType = 1;
			remoteGlobalIDString = 65F3E14F2EE0EA5B002909B5;
			remoteInfo = "dev-aasdf";
		};
/* End PBXContainerItemProxy section */

/* Begin PBXFileReference section */
		1A042CA76AC89097BB2A0B88 /* Pods-dev-aasdf.release.xcconfig */ = {isa = PBXFileReference; includeInIndex = 1; lastKnownFileType = text.xcconfig; name = "Pods-dev-aasdf.release.xcconfig"; path = "Target Support Files/Pods-dev-aasdf/Pods-dev-aasdf.release.xcconfig"; sourceTree = "<group>"; };
		653D1BBF2EE6107E00B8147F /* ProfileViewWrapper.swift */ = {isa = PBXFileReference; lastKnownFileType = sourcecode.swift; path = ProfileViewWrapper.swift; sourceTree = "<group>"; };
		653D1BC02EE6107E00B8147F /* LeaderboardView.swift */ = {isa = PBXFileReference; lastKnownFileType = sourcecode.swift; path = LeaderboardView.swift; sourceTree = "<group>"; };
		65F3E1502EE0EA5B002909B5 /* dev-aasdf.app */ = {isa = PBXFileReference; explicitFileType = wrapper.application; includeInIndex = 0; path = "dev-aasdf.app"; sourceTree = BUILT_PRODUCTS_DIR; };
		65F3E15D2EE0EA5C002909B5 /* dev-aasdfTests.xctest */ = {isa = PBXFileReference; explicitFileType = wrapper.cfbundle; includeInIndex = 0; path = "dev-aasdfTests.xctest"; sourceTree = BUILT_PRODUCTS_DIR; };
		65F3E1672EE0EA5C002909B5 /* dev-aasdfUITests.xctest */ = {isa = PBXFileReference; explicitFileType = wrapper.cfbundle; includeInIndex = 0; path = "dev-aasdfUITests.xctest"; sourceTree = BUILT_PRODUCTS_DIR; };
		8B0A7255292A908580FBFCC2 /* Pods_dev_aasdf.framework */ = {isa = PBXFileReference; explicitFileType = wrapper.framework; includeInIndex = 0; path = Pods_dev_aasdf.framework; sourceTree = BUILT_PRODUCTS_DIR; };
		A866A02B604C5D6760F28D4C /* Pods-dev-aasdf.debug.xcconfig */ = {isa = PBXFileReference; includeInIndex = 1; lastKnownFileType = text.xcconfig; name = "Pods-dev-aasdf.debug.xcconfig"; path = "Target Support Files/Pods-dev-aasdf/Pods-dev-aasdf.debug.xcconfig"; sourceTree = "<group>"; };
/* End PBXFileReference section */

/* Begin PBXFileSystemSynchronizedBuildFileExceptionSet section */
		65F3E18B2EE0EDFD002909B5 /* Exceptions for "dev-aasdf" folder in "dev-aasdf" target */ = {
			isa = PBXFileSystemSynchronizedBuildFileExceptionSet;
			membershipExceptions = (
				Info.plist,
				Views/Profile/ProfileView.swift,
			);
			target = 65F3E14F2EE0EA5B002909B5 /* dev-aasdf */;
		};
/* End PBXFileSystemSynchronizedBuildFileExceptionSet section */

/* Begin PBXFileSystemSynchronizedRootGroup section */
		65F3E1522EE0EA5B002909B5 /* dev-aasdf */ = {
			isa = PBXFileSystemSynchronizedRootGroup;
			exceptions = (
				65F3E18B2EE0EDFD002909B5 /* Exceptions for "dev-aasdf" folder in "dev-aasdf" target */,
			);
			path = "dev-aasdf";
			sourceTree = "<group>";
		};
		65F3E1602EE0EA5C002909B5 /* dev-aasdfTests */ = {
			isa = PBXFileSystemSynchronizedRootGroup;
			path = "dev-aasdfTests";
			sourceTree = "<group>";
		};
		65F3E16A2EE0EA5C002909B5 /* dev-aasdfUITests */ = {
			isa = PBXFileSystemSynchronizedRootGroup;
			path = "dev-aasdfUITests";
			sourceTree = "<group>";
		};
/* End PBXFileSystemSynchronizedRootGroup section */

/* Begin PBXFrameworksBuildPhase section */
		65F3E14D2EE0EA5B002909B5 /* Frameworks */ = {
			isa = PBXFrameworksBuildPhase;
			buildActionMask = 2147483647;
			files = (
				162898C8E456BD90F64A55BF /* Pods_dev_aasdf.framework in Frameworks */,
			);
			runOnlyForDeploymentPostprocessing = 0;
		};
		65F3E15A2EE0EA5C002909B5 /* Frameworks */ = {
			isa = PBXFrameworksBuildPhase;
			buildActionMask = 2147483647;
			files = (
			);
			runOnlyForDeploymentPostprocessing = 0;
		};
		65F3E1642EE0EA5C002909B5 /* Frameworks */ = {
			isa = PBXFrameworksBuildPhase;
			buildActionMask = 2147483647;
			files = (
			);
			runOnlyForDeploymentPostprocessing = 0;
		};
/* End PBXFrameworksBuildPhase section */

/* Begin PBXGroup section */
		2F72B15B65E0893EFF6F2AD7 /* Frameworks */ = {
			isa = PBXGroup;
			children = (
				8B0A7255292A908580FBFCC2 /* Pods_dev_aasdf.framework */,
			);
			name = Frameworks;
			sourceTree = "<group>";
		};
		65F3E1472EE0EA5B002909B5 = {
			isa = PBXGroup;
			children = (
				653D1BC02EE6107E00B8147F /* LeaderboardView.swift */,
				653D1BBF2EE6107E00B8147F /* ProfileViewWrapper.swift */,
				65F3E1522EE0EA5B002909B5 /* dev-aasdf */,
				65F3E1602EE0EA5C002909B5 /* dev-aasdfTests */,
				65F3E16A2EE0EA5C002909B5 /* dev-aasdfUITests */,
				65F3E1512EE0EA5B002909B5 /* Products */,
				DF41A3CB371CCD33B2F96E96 /* Pods */,
				2F72B15B65E0893EFF6F2AD7 /* Frameworks */,
			);
			sourceTree = "<group>";
		};
		65F3E1512EE0EA5B002909B5 /* Products */ = {
			isa = PBXGroup;
			children = (
				65F3E1502EE0EA5B002909B5 /* dev-aasdf.app */,
				65F3E15D2EE0EA5C002909B5 /* dev-aasdfTests.xctest */,
				65F3E1672EE0EA5C002909B5 /* dev-aasdfUITests.xctest */,
			);
			name = Products;
			sourceTree = "<group>";
		};
		DF41A3CB371CCD33B2F96E96 /* Pods */ = {
			isa = PBXGroup;
			children = (
				A866A02B604C5D6760F28D4C /* Pods-dev-aasdf.debug.xcconfig */,
				1A042CA76AC89097BB2A0B88 /* Pods-dev-aasdf.release.xcconfig */,
			);
			path = Pods;
			sourceTree = "<group>";
		};
/* End PBXGroup section */

/* Begin PBXNativeTarget section */
		65F3E14F2EE0EA5B002909B5 /* dev-aasdf */ = {
			isa = PBXNativeTarget;
			buildConfigurationList = 65F3E1712EE0EA5C002909B5 /* Build configuration list for PBXNativeTarget "dev-aasdf" */;
			buildPhases = (
				92045255E17DF97456354980 /* [CP] Check Pods Manifest.lock */,
				65F3E14C2EE0EA5B002909B5 /* Sources */,
				65F3E14D2EE0EA5B002909B5 /* Frameworks */,
				65F3E14E2EE0EA5B002909B5 /* Resources */,
				B52510184D7A71BF583713F6 /* [CP] Embed Pods Frameworks */,
			);
			buildRules = (
			);
			dependencies = (
			);
			fileSystemSynchronizedGroups = (
				65F3E1522EE0EA5B002909B5 /* dev-aasdf */,
			);
			name = "dev-aasdf";
			productName = "dev-aasdf";
			productReference = 65F3E1502EE0EA5B002909B5 /* dev-aasdf.app */;
			productType = "com.apple.product-type.application";
		};
		65F3E15C2EE0EA5C002909B5 /* dev-aasdfTests */ = {
			isa = PBXNativeTarget;
			buildConfigurationList = 65F3E1742EE0EA5C002909B5 /* Build configuration list for PBXNativeTarget "dev-aasdfTests" */;
			buildPhases = (
				65F3E1592EE0EA5C002909B5 /* Sources */,
				65F3E15A2EE0EA5C002909B5 /* Frameworks */,
				65F3E15B2EE0EA5C002909B5 /* Resources */,
			);
			buildRules = (
			);
			dependencies = (
				65F3E15F2EE0EA5C002909B5 /* PBXTargetDependency */,
			);
			fileSystemSynchronizedGroups = (
				65F3E1602EE0EA5C002909B5 /* dev-aasdfTests */,
			);
			name = "dev-aasdfTests";
			productName = "dev-aasdfTests";
			productReference = 65F3E15D2EE0EA5C002909B5 /* dev-aasdfTests.xctest */;
			productType = "com.apple.product-type.bundle.unit-test";
		};
		65F3E1662EE0EA5C002909B5 /* dev-aasdfUITests */ = {
			isa = PBXNativeTarget;
			buildConfigurationList = 65F3E1772EE0EA5C002909B5 /* Build configuration list for PBXNativeTarget "dev-aasdfUITests" */;
			buildPhases = (
				65F3E1632EE0EA5C002909B5 /* Sources */,
				65F3E1642EE0EA5C002909B5 /* Frameworks */,
				65F3E1652EE0EA5C002909B5 /* Resources */,
			);
			buildRules = (
			);
			dependencies = (
				65F3E1692EE0EA5C002909B5 /* PBXTargetDependency */,
			);
			fileSystemSynchronizedGroups = (
				65F3E16A2EE0EA5C002909B5 /* dev-aasdfUITests */,
			);
			name = "dev-aasdfUITests";
			productName = "dev-aasdfUITests";
			productReference = 65F3E1672EE0EA5C002909B5 /* dev-aasdfUITests.xctest */;
			productType = "com.apple.product-type.bundle.ui-testing";
		};
/* End PBXNativeTarget section */

/* Begin PBXProject section */
		65F3E1482EE0EA5B002909B5 /* Project object */ = {
			isa = PBXProject;
			attributes = {
				BuildIndependentTargetsInParallel = 1;
				LastSwiftUpdateCheck = 2610;
				LastUpgradeCheck = 2610;
				TargetAttributes = {
					65F3E14F2EE0EA5B002909B5 = {
						CreatedOnToolsVersion = 26.1.1;
					};
					65F3E15C2EE0EA5C002909B5 = {
						CreatedOnToolsVersion = 26.1.1;
						TestTargetID = 65F3E14F2EE0EA5B002909B5;
					};
					65F3E1662EE0EA5C002909B5 = {
						CreatedOnToolsVersion = 26.1.1;
						TestTargetID = 65F3E14F2EE0EA5B002909B5;
					};
				};
			};
			buildConfigurationList = 65F3E14B2EE0EA5B002909B5 /* Build configuration list for PBXProject "dev-aasdf" */;
			developmentRegion = en;
			hasScannedForEncodings = 0;
			knownRegions = (
				en,
				Base,
			);
			mainGroup = 65F3E1472EE0EA5B002909B5;
			minimizedProjectReferenceProxies = 1;
			preferredProjectObjectVersion = 77;
			productRefGroup = 65F3E1512EE0EA5B002909B5 /* Products */;
			projectDirPath = "";
			projectRoot = "";
			targets = (
				65F3E14F2EE0EA5B002909B5 /* dev-aasdf */,
				65F3E15C2EE0EA5C002909B5 /* dev-aasdfTests */,
				65F3E1662EE0EA5C002909B5 /* dev-aasdfUITests */,
			);
		};
/* End PBXProject section */

/* Begin PBXResourcesBuildPhase section */
		65F3E14E2EE0EA5B002909B5 /* Resources */ = {
			isa = PBXResourcesBuildPhase;
			buildActionMask = 2147483647;
			files = (
			);
			runOnlyForDeploymentPostprocessing = 0;
		};
		65F3E15B2EE0EA5C002909B5 /* Resources */ = {
			isa = PBXResourcesBuildPhase;
			buildActionMask = 2147483647;
			files = (
			);
			runOnlyForDeploymentPostprocessing = 0;
		};
		65F3E1652EE0EA5C002909B5 /* Resources */ = {
			isa = PBXResourcesBuildPhase;
			buildActionMask = 2147483647;
			files = (
			);
			runOnlyForDeploymentPostprocessing = 0;
		};
/* End PBXResourcesBuildPhase section */

/* Begin PBXShellScriptBuildPhase section */
		92045255E17DF97456354980 /* [CP] Check Pods Manifest.lock */ = {
			isa = PBXShellScriptBuildPhase;
			buildActionMask = 2147483647;
			files = (
			);
			inputFileListPaths = (
			);
			inputPaths = (
				"${PODS_PODFILE_DIR_PATH}/Podfile.lock",
				"${PODS_ROOT}/Manifest.lock",
			);
			name = "[CP] Check Pods Manifest.lock";
			outputFileListPaths = (
			);
			outputPaths = (
				"$(DERIVED_FILE_DIR)/Pods-dev-aasdf-checkManifestLockResult.txt",
			);
			runOnlyForDeploymentPostprocessing = 0;
			shellPath = /bin/sh;
			shellScript = "diff \"${PODS_PODFILE_DIR_PATH}/Podfile.lock\" \"${PODS_ROOT}/Manifest.lock\" > /dev/null\nif [ $? != 0 ] ; then\n    # print error to STDERR\n    echo \"error: The sandbox is not in sync with the Podfile.lock. Run 'pod install' or update your CocoaPods installation.\" >&2\n    exit 1\nfi\n# This output is used by Xcode 'outputs' to avoid re-running this script phase.\necho \"SUCCESS\" > \"${SCRIPT_OUTPUT_FILE_0}\"\n";
			showEnvVarsInLog = 0;
		};
		B52510184D7A71BF583713F6 /* [CP] Embed Pods Frameworks */ = {
			isa = PBXShellScriptBuildPhase;
			buildActionMask = 2147483647;
			files = (
			);
			inputFileListPaths = (
				"${PODS_ROOT}/Target Support Files/Pods-dev-aasdf/Pods-dev-aasdf-frameworks-${CONFIGURATION}-input-files.xcfilelist",
			);
			inputPaths = (
			);
			name = "[CP] Embed Pods Frameworks";
			outputFileListPaths = (
				"${PODS_ROOT}/Target Support Files/Pods-dev-aasdf/Pods-dev-aasdf-frameworks-${CONFIGURATION}-output-files.xcfilelist",
			);
			outputPaths = (
			);
			runOnlyForDeploymentPostprocessing = 0;
			shellPath = /bin/sh;
			shellScript = "\"${PODS_ROOT}/Target Support Files/Pods-dev-aasdf/Pods-dev-aasdf-frameworks.sh\"\n";
			showEnvVarsInLog = 0;
		};
/* End PBXShellScriptBuildPhase section */

/* Begin PBXSourcesBuildPhase section */
		65F3E14C2EE0EA5B002909B5 /* Sources */ = {
			isa = PBXSourcesBuildPhase;
			buildActionMask = 2147483647;
			files = (
				653D1BC12EE6107E00B8147F /* ProfileViewWrapper.swift in Sources */,
				653D1BC22EE6107E00B8147F /* LeaderboardView.swift in Sources */,
			);
			runOnlyForDeploymentPostprocessing = 0;
		};
		65F3E1592EE0EA5C002909B5 /* Sources */ = {
			isa = PBXSourcesBuildPhase;
			buildActionMask = 2147483647;
			files = (
			);
			runOnlyForDeploymentPostprocessing = 0;
		};
		65F3E1632EE0EA5C002909B5 /* Sources */ = {
			isa = PBXSourcesBuildPhase;
			buildActionMask = 2147483647;
			files = (
			);
			runOnlyForDeploymentPostprocessing = 0;
		};
/* End PBXSourcesBuildPhase section */

/* Begin PBXTargetDependency section */
		65F3E15F2EE0EA5C002909B5 /* PBXTargetDependency */ = {
			isa = PBXTargetDependency;
			target = 65F3E14F2EE0EA5B002909B5 /* dev-aasdf */;
			targetProxy = 65F3E15E2EE0EA5C002909B5 /* PBXContainerItemProxy */;
		};
		65F3E1692EE0EA5C002909B5 /* PBXTargetDependency */ = {
			isa = PBXTargetDependency;
			target = 65F3E14F2EE0EA5B002909B5 /* dev-aasdf */;
			targetProxy = 65F3E1682EE0EA5C002909B5 /* PBXContainerItemProxy */;
		};
/* End PBXTargetDependency section */

/* Begin XCBuildConfiguration section */
		65F3E16F2EE0EA5C002909B5 /* Debug */ = {
			isa = XCBuildConfiguration;
			buildSettings = {
				ALWAYS_SEARCH_USER_PATHS = NO;
				ASSETCATALOG_COMPILER_GENERATE_SWIFT_ASSET_SYMBOL_EXTENSIONS = YES;
				CLANG_ANALYZER_NONNULL = YES;
				CLANG_ANALYZER_NUMBER_OBJECT_CONVERSION = YES_AGGRESSIVE;
				CLANG_CXX_LANGUAGE_STANDARD = "gnu++20";
				CLANG_ENABLE_MODULES = YES;
				CLANG_ENABLE_OBJC_ARC = YES;
				CLANG_ENABLE_OBJC_WEAK = YES;
				CLANG_WARN_BLOCK_CAPTURE_AUTORELEASING = YES;
				CLANG_WARN_BOOL_CONVERSION = YES;
				CLANG_WARN_COMMA = YES;
				CLANG_WARN_CONSTANT_CONVERSION = YES;
				CLANG_WARN_DEPRECATED_OBJC_IMPLEMENTATIONS = YES;
				CLANG_WARN_DIRECT_OBJC_ISA_USAGE = YES_ERROR;
				CLANG_WARN_DOCUMENTATION_COMMENTS = YES;
				CLANG_WARN_EMPTY_BODY = YES;
				CLANG_WARN_ENUM_CONVERSION = YES;
				CLANG_WARN_INFINITE_RECURSION = YES;
				CLANG_WARN_INT_CONVERSION = YES;
				CLANG_WARN_NON_LITERAL_NULL_CONVERSION = YES;
				CLANG_WARN_OBJC_IMPLICIT_RETAIN_SELF = YES;
				CLANG_WARN_OBJC_LITERAL_CONVERSION = YES;
				CLANG_WARN_OBJC_ROOT_CLASS = YES_ERROR;
				CLANG_WARN_QUOTED_INCLUDE_IN_FRAMEWORK_HEADER = YES;
				CLANG_WARN_RANGE_LOOP_ANALYSIS = YES;
				CLANG_WARN_STRICT_PROTOTYPES = YES;
				CLANG_WARN_SUSPICIOUS_MOVE = YES;
				CLANG_WARN_UNGUARDED_AVAILABILITY = YES_AGGRESSIVE;
				CLANG_WARN_UNREACHABLE_CODE = YES;
				CLANG_WARN__DUPLICATE_METHOD_MATCH = YES;
				COPY_PHASE_STRIP = NO;
				DEBUG_INFORMATION_FORMAT = dwarf;
				DEVELOPMENT_TEAM = 33SL86SV8F;
				ENABLE_STRICT_OBJC_MSGSEND = YES;
				ENABLE_TESTABILITY = YES;
				ENABLE_USER_SCRIPT_SANDBOXING = YES;
				GCC_C_LANGUAGE_STANDARD = gnu17;
				GCC_DYNAMIC_NO_PIC = NO;
				GCC_NO_COMMON_BLOCKS = YES;
				GCC_OPTIMIZATION_LEVEL = 0;
				GCC_PREPROCESSOR_DEFINITIONS = (
					"DEBUG=1",
					"$(inherited)",
				);
				GCC_WARN_64_TO_32_BIT_CONVERSION = YES;
				GCC_WARN_ABOUT_RETURN_TYPE = YES_ERROR;
				GCC_WARN_UNDECLARED_SELECTOR = YES;
				GCC_WARN_UNINITIALIZED_AUTOS = YES_AGGRESSIVE;
				GCC_WARN_UNUSED_FUNCTION = YES;
				GCC_WARN_UNUSED_VARIABLE = YES;
				IPHONEOS_DEPLOYMENT_TARGET = 26.1;
				LOCALIZATION_PREFERS_STRING_CATALOGS = YES;
				MTL_ENABLE_DEBUG_INFO = INCLUDE_SOURCE;
				MTL_FAST_MATH = YES;
				ONLY_ACTIVE_ARCH = YES;
				SDKROOT = iphoneos;
				SWIFT_ACTIVE_COMPILATION_CONDITIONS = "DEBUG $(inherited)";
				SWIFT_OPTIMIZATION_LEVEL = "-Onone";
			};
			name = Debug;
		};
		65F3E1702EE0EA5C002909B5 /* Release */ = {
			isa = XCBuildConfiguration;
			buildSettings = {
				ALWAYS_SEARCH_USER_PATHS = NO;
				ASSETCATALOG_COMPILER_GENERATE_SWIFT_ASSET_SYMBOL_EXTENSIONS = YES;
				CLANG_ANALYZER_NONNULL = YES;
				CLANG_ANALYZER_NUMBER_OBJECT_CONVERSION = YES_AGGRESSIVE;
				CLANG_CXX_LANGUAGE_STANDARD = "gnu++20";
				CLANG_ENABLE_MODULES = YES;
				CLANG_ENABLE_OBJC_ARC = YES;
				CLANG_ENABLE_OBJC_WEAK = YES;
				CLANG_WARN_BLOCK_CAPTURE_AUTORELEASING = YES;
				CLANG_WARN_BOOL_CONVERSION = YES;
				CLANG_WARN_COMMA = YES;
				CLANG_WARN_CONSTANT_CONVERSION = YES;
				CLANG_WARN_DEPRECATED_OBJC_IMPLEMENTATIONS = YES;
				CLANG_WARN_DIRECT_OBJC_ISA_USAGE = YES_ERROR;
				CLANG_WARN_DOCUMENTATION_COMMENTS = YES;
				CLANG_WARN_EMPTY_BODY = YES;
				CLANG_WARN_ENUM_CONVERSION = YES;
				CLANG_WARN_INFINITE_RECURSION = YES;
				CLANG_WARN_INT_CONVERSION = YES;
				CLANG_WARN_NON_LITERAL_NULL_CONVERSION = YES;
				CLANG_WARN_OBJC_IMPLICIT_RETAIN_SELF = YES;
				CLANG_WARN_OBJC_LITERAL_CONVERSION = YES;
				CLANG_WARN_OBJC_ROOT_CLASS = YES_ERROR;
				CLANG_WARN_QUOTED_INCLUDE_IN_FRAMEWORK_HEADER = YES;
				CLANG_WARN_RANGE_LOOP_ANALYSIS = YES;
				CLANG_WARN_STRICT_PROTOTYPES = YES;
				CLANG_WARN_SUSPICIOUS_MOVE = YES;
				CLANG_WARN_UNGUARDED_AVAILABILITY = YES_AGGRESSIVE;
				CLANG_WARN_UNREACHABLE_CODE = YES;
				CLANG_WARN__DUPLICATE_METHOD_MATCH = YES;
				COPY_PHASE_STRIP = NO;
				DEBUG_INFORMATION_FORMAT = "dwarf-with-dsym";
				DEVELOPMENT_TEAM = 33SL86SV8F;
				ENABLE_NS_ASSERTIONS = NO;
				ENABLE_STRICT_OBJC_MSGSEND = YES;
				ENABLE_USER_SCRIPT_SANDBOXING = YES;
				GCC_C_LANGUAGE_STANDARD = gnu17;
				GCC_NO_COMMON_BLOCKS = YES;
				GCC_WARN_64_TO_32_BIT_CONVERSION = YES;
				GCC_WARN_ABOUT_RETURN_TYPE = YES_ERROR;
				GCC_WARN_UNDECLARED_SELECTOR = YES;
				GCC_WARN_UNINITIALIZED_AUTOS = YES_AGGRESSIVE;
				GCC_WARN_UNUSED_FUNCTION = YES;
				GCC_WARN_UNUSED_VARIABLE = YES;
				IPHONEOS_DEPLOYMENT_TARGET = 26.1;
				LOCALIZATION_PREFERS_STRING_CATALOGS = YES;
				MTL_ENABLE_DEBUG_INFO = NO;
				MTL_FAST_MATH = YES;
				SDKROOT = iphoneos;
				SWIFT_COMPILATION_MODE = wholemodule;
				VALIDATE_PRODUCT = YES;
			};
			name = Release;
		};
		65F3E1722EE0EA5C002909B5 /* Debug */ = {
			isa = XCBuildConfiguration;
			baseConfigurationReference = A866A02B604C5D6760F28D4C /* Pods-dev-aasdf.debug.xcconfig */;
			buildSettings = {
				ASSETCATALOG_COMPILER_APPICON_NAME = AppIcon;
				ASSETCATALOG_COMPILER_GLOBAL_ACCENT_COLOR_NAME = AccentColor;
				CODE_SIGN_STYLE = Automatic;
				CURRENT_PROJECT_VERSION = 1;
				DEVELOPMENT_TEAM = 33SL86SV8F;
				ENABLE_PREVIEWS = YES;
				ENABLE_USER_SCRIPT_SANDBOXING = NO;
				GENERATE_INFOPLIST_FILE = YES;
				INFOPLIST_FILE = "dev-aasdf/Info.plist";
				INFOPLIST_KEY_UIApplicationSceneManifest_Generation = YES;
				INFOPLIST_KEY_UIApplicationSupportsIndirectInputEvents = YES;
				INFOPLIST_KEY_UILaunchScreen_Generation = YES;
				INFOPLIST_KEY_UISupportedInterfaceOrientations_iPad = "UIInterfaceOrientationPortrait UIInterfaceOrientationPortraitUpsideDown UIInterfaceOrientationLandscapeLeft UIInterfaceOrientationLandscapeRight";
				INFOPLIST_KEY_UISupportedInterfaceOrientations_iPhone = "UIInterfaceOrientationPortrait UIInterfaceOrientationLandscapeLeft UIInterfaceOrientationLandscapeRight";
				LD_RUNPATH_SEARCH_PATHS = (
					"$(inherited)",
					"@executable_path/Frameworks",
				);
				MARKETING_VERSION = 1.0;
				PRODUCT_BUNDLE_IDENTIFIER = "com.daniel-kasanzew.dev-aasdf";
				PRODUCT_NAME = "$(TARGET_NAME)";
				STRING_CATALOG_GENERATE_SYMBOLS = YES;
				SWIFT_APPROACHABLE_CONCURRENCY = YES;
				SWIFT_DEFAULT_ACTOR_ISOLATION = MainActor;
				SWIFT_EMIT_LOC_STRINGS = YES;
				SWIFT_UPCOMING_FEATURE_MEMBER_IMPORT_VISIBILITY = YES;
				SWIFT_VERSION = 5.0;
				TARGETED_DEVICE_FAMILY = "1,2";
			};
			name = Debug;
		};
		65F3E1732EE0EA5C002909B5 /* Release */ = {
			isa = XCBuildConfiguration;
			baseConfigurationReference = 1A042CA76AC89097BB2A0B88 /* Pods-dev-aasdf.release.xcconfig */;
			buildSettings = {
				ASSETCATALOG_COMPILER_APPICON_NAME = AppIcon;
				ASSETCATALOG_COMPILER_GLOBAL_ACCENT_COLOR_NAME = AccentColor;
				CODE_SIGN_STYLE = Automatic;
				CURRENT_PROJECT_VERSION = 1;
				DEVELOPMENT_TEAM = 33SL86SV8F;
				ENABLE_PREVIEWS = YES;
				ENABLE_USER_SCRIPT_SANDBOXING = NO;
				GENERATE_INFOPLIST_FILE = YES;
				INFOPLIST_FILE = "dev-aasdf/Info.plist";
				INFOPLIST_KEY_UIApplicationSceneManifest_Generation = YES;
				INFOPLIST_KEY_UIApplicationSupportsIndirectInputEvents = YES;
				INFOPLIST_KEY_UILaunchScreen_Generation = YES;
				INFOPLIST_KEY_UISupportedInterfaceOrientations_iPad = "UIInterfaceOrientationPortrait UIInterfaceOrientationPortraitUpsideDown UIInterfaceOrientationLandscapeLeft UIInterfaceOrientationLandscapeRight";
				INFOPLIST_KEY_UISupportedInterfaceOrientations_iPhone = "UIInterfaceOrientationPortrait UIInterfaceOrientationLandscapeLeft UIInterfaceOrientationLandscapeRight";
				LD_RUNPATH_SEARCH_PATHS = (
					"$(inherited)",
					"@executable_path/Frameworks",
				);
				MARKETING_VERSION = 1.0;
				PRODUCT_BUNDLE_IDENTIFIER = "com.daniel-kasanzew.dev-aasdf";
				PRODUCT_NAME = "$(TARGET_NAME)";
				STRING_CATALOG_GENERATE_SYMBOLS = YES;
				SWIFT_APPROACHABLE_CONCURRENCY = YES;
				SWIFT_DEFAULT_ACTOR_ISOLATION = MainActor;
				SWIFT_EMIT_LOC_STRINGS = YES;
				SWIFT_UPCOMING_FEATURE_MEMBER_IMPORT_VISIBILITY = YES;
				SWIFT_VERSION = 5.0;
				TARGETED_DEVICE_FAMILY = "1,2";
			};
			name = Release;
		};
		65F3E1752EE0EA5C002909B5 /* Debug */ = {
			isa = XCBuildConfiguration;
			buildSettings = {
				BUNDLE_LOADER = "$(TEST_HOST)";
				CODE_SIGN_STYLE = Automatic;
				CURRENT_PROJECT_VERSION = 1;
				DEVELOPMENT_TEAM = 33SL86SV8F;
				GENERATE_INFOPLIST_FILE = YES;
				IPHONEOS_DEPLOYMENT_TARGET = 26.1;
				MARKETING_VERSION = 1.0;
				PRODUCT_BUNDLE_IDENTIFIER = "com.daniel-kasanzew.dev-aasdfTests";
				PRODUCT_NAME = "$(TARGET_NAME)";
				STRING_CATALOG_GENERATE_SYMBOLS = NO;
				SWIFT_APPROACHABLE_CONCURRENCY = YES;
				SWIFT_EMIT_LOC_STRINGS = NO;
				SWIFT_UPCOMING_FEATURE_MEMBER_IMPORT_VISIBILITY = YES;
				SWIFT_VERSION = 5.0;
				TARGETED_DEVICE_FAMILY = "1,2";
				TEST_HOST = "$(BUILT_PRODUCTS_DIR)/dev-aasdf.app/$(BUNDLE_EXECUTABLE_FOLDER_PATH)/dev-aasdf";
			};
			name = Debug;
		};
		65F3E1762EE0EA5C002909B5 /* Release */ = {
			isa = XCBuildConfiguration;
			buildSettings = {
				BUNDLE_LOADER = "$(TEST_HOST)";
				CODE_SIGN_STYLE = Automatic;
				CURRENT_PROJECT_VERSION = 1;
				DEVELOPMENT_TEAM = 33SL86SV8F;
				GENERATE_INFOPLIST_FILE = YES;
				IPHONEOS_DEPLOYMENT_TARGET = 26.1;
				MARKETING_VERSION = 1.0;
				PRODUCT_BUNDLE_IDENTIFIER = "com.daniel-kasanzew.dev-aasdfTests";
				PRODUCT_NAME = "$(TARGET_NAME)";
				STRING_CATALOG_GENERATE_SYMBOLS = NO;
				SWIFT_APPROACHABLE_CONCURRENCY = YES;
				SWIFT_EMIT_LOC_STRINGS = NO;
				SWIFT_UPCOMING_FEATURE_MEMBER_IMPORT_VISIBILITY = YES;
				SWIFT_VERSION = 5.0;
				TARGETED_DEVICE_FAMILY = "1,2";
				TEST_HOST = "$(BUILT_PRODUCTS_DIR)/dev-aasdf.app/$(BUNDLE_EXECUTABLE_FOLDER_PATH)/dev-aasdf";
			};
			name = Release;
		};
		65F3E1782EE0EA5C002909B5 /* Debug */ = {
			isa = XCBuildConfiguration;
			buildSettings = {
				CODE_SIGN_STYLE = Automatic;
				CURRENT_PROJECT_VERSION = 1;
				DEVELOPMENT_TEAM = 33SL86SV8F;
				GENERATE_INFOPLIST_FILE = YES;
				MARKETING_VERSION = 1.0;
				PRODUCT_BUNDLE_IDENTIFIER = "com.daniel-kasanzew.dev-aasdfUITests";
				PRODUCT_NAME = "$(TARGET_NAME)";
				STRING_CATALOG_GENERATE_SYMBOLS = NO;
				SWIFT_APPROACHABLE_CONCURRENCY = YES;
				SWIFT_EMIT_LOC_STRINGS = NO;
				SWIFT_UPCOMING_FEATURE_MEMBER_IMPORT_VISIBILITY = YES;
				SWIFT_VERSION = 5.0;
				TARGETED_DEVICE_FAMILY = "1,2";
				TEST_TARGET_NAME = "dev-aasdf";
			};
			name = Debug;
		};
		65F3E1792EE0EA5C002909B5 /* Release */ = {
			isa = XCBuildConfiguration;
			buildSettings = {
				CODE_SIGN_STYLE = Automatic;
				CURRENT_PROJECT_VERSION = 1;
				DEVELOPMENT_TEAM = 33SL86SV8F;
				GENERATE_INFOPLIST_FILE = YES;
				MARKETING_VERSION = 1.0;
				PRODUCT_BUNDLE_IDENTIFIER = "com.daniel-kasanzew.dev-aasdfUITests";
				PRODUCT_NAME = "$(TARGET_NAME)";
				STRING_CATALOG_GENERATE_SYMBOLS = NO;
				SWIFT_APPROACHABLE_CONCURRENCY = YES;
				SWIFT_EMIT_LOC_STRINGS = NO;
				SWIFT_UPCOMING_FEATURE_MEMBER_IMPORT_VISIBILITY = YES;
				SWIFT_VERSION = 5.0;
				TARGETED_DEVICE_FAMILY = "1,2";
				TEST_TARGET_NAME = "dev-aasdf";
			};
			name = Release;
		};
/* End XCBuildConfiguration section */

/* Begin XCConfigurationList section */
		65F3E14B2EE0EA5B002909B5 /* Build configuration list for PBXProject "dev-aasdf" */ = {
			isa = XCConfigurationList;
			buildConfigurations = (
				65F3E16F2EE0EA5C002909B5 /* Debug */,
				65F3E1702EE0EA5C002909B5 /* Release */,
			);
			defaultConfigurationIsVisible = 0;
			defaultConfigurationName = Release;
		};
		65F3E1712EE0EA5C002909B5 /* Build configuration list for PBXNativeTarget "dev-aasdf" */ = {
			isa = XCConfigurationList;
			buildConfigurations = (
				65F3E1722EE0EA5C002909B5 /* Debug */,
				65F3E1732EE0EA5C002909B5 /* Release */,
			);
			defaultConfigurationIsVisible = 0;
			defaultConfigurationName = Release;
		};
		65F3E1742EE0EA5C002909B5 /* Build configuration list for PBXNativeTarget "dev-aasdfTests" */ = {
			isa = XCConfigurationList;
			buildConfigurations = (
				65F3E1752EE0EA5C002909B5 /* Debug */,
				65F3E1762EE0EA5C002909B5 /* Release */,
			);
			defaultConfigurationIsVisible = 0;
			defaultConfigurationName = Release;
		};
		65F3E1772EE0EA5C002909B5 /* Build configuration list for PBXNativeTarget "dev-aasdfUITests" */ = {
			isa = XCConfigurationList;
			buildConfigurations = (
				65F3E1782EE0EA5C002909B5 /* Debug */,
				65F3E1792EE0EA5C002909B5 /* Release */,
			);
			defaultConfigurationIsVisible = 0;
			defaultConfigurationName = Release;
		};
/* End XCConfigurationList section */
	};
	rootObject = 65F3E1482EE0EA5B002909B5 /* Project object */;
}
